// !$*UTF8*$!
{
	archiveVersion = 1;
	classes = {
	};
	objectVersion = 56;
	objects = {

/* Begin PBXBuildFile section */
		C1498AEC2B9719AE00C8EABB /* AppDelegate.swift in Sources */ = {isa = PBXBuildFile; fileRef = C1498AEB2B9719AE00C8EABB /* AppDelegate.swift */; };
		C1498AEE2B9719AE00C8EABB /* SceneDelegate.swift in Sources */ = {isa = PBXBuildFile; fileRef = C1498AED2B9719AE00C8EABB /* SceneDelegate.swift */; };
		C1498AF02B9719AE00C8EABB /* HomeViewController.swift in Sources */ = {isa = PBXBuildFile; fileRef = C1498AEF2B9719AE00C8EABB /* HomeViewController.swift */; };
		C1498AF82B9719AF00C8EABB /* Assets.xcassets in Resources */ = {isa = PBXBuildFile; fileRef = C1498AF72B9719AF00C8EABB /* Assets.xcassets */; };
		C1498AFB2B9719AF00C8EABB /* LaunchScreen.storyboard in Resources */ = {isa = PBXBuildFile; fileRef = C1498AF92B9719AF00C8EABB /* LaunchScreen.storyboard */; };
		C1498B2B2B971C8100C8EABB /* CoreDataManager.swift in Sources */ = {isa = PBXBuildFile; fileRef = C1498B2A2B971C8100C8EABB /* CoreDataManager.swift */; };
		C1498B302B971F3D00C8EABB /* TaskList+CoreDataClass.swift in Sources */ = {isa = PBXBuildFile; fileRef = C1498B2C2B971F3D00C8EABB /* TaskList+CoreDataClass.swift */; };
		C1498B312B971F3D00C8EABB /* TaskList+CoreDataProperties.swift in Sources */ = {isa = PBXBuildFile; fileRef = C1498B2D2B971F3D00C8EABB /* TaskList+CoreDataProperties.swift */; };
		C1498B322B971F3D00C8EABB /* Task+CoreDataClass.swift in Sources */ = {isa = PBXBuildFile; fileRef = C1498B2E2B971F3D00C8EABB /* Task+CoreDataClass.swift */; };
		C1498B332B971F3D00C8EABB /* Task+CoreDataProperties.swift in Sources */ = {isa = PBXBuildFile; fileRef = C1498B2F2B971F3D00C8EABB /* Task+CoreDataProperties.swift */; };
		C1498B3E2B9730D700C8EABB /* EntityModelMapProtocol.swift in Sources */ = {isa = PBXBuildFile; fileRef = C1498B3D2B9730D700C8EABB /* EntityModelMapProtocol.swift */; };
		C1498B402B9731FA00C8EABB /* TaskModel.swift in Sources */ = {isa = PBXBuildFile; fileRef = C1498B3F2B9731FA00C8EABB /* TaskModel.swift */; };
		C1498B422B97320200C8EABB /* TasksListModel.swift in Sources */ = {isa = PBXBuildFile; fileRef = C1498B412B97320200C8EABB /* TasksListModel.swift */; };
		C1498B442B97327E00C8EABB /* TaskService.swift in Sources */ = {isa = PBXBuildFile; fileRef = C1498B432B97327E00C8EABB /* TaskService.swift */; };
		C1498B462B97328600C8EABB /* TasksListService.swift in Sources */ = {isa = PBXBuildFile; fileRef = C1498B452B97328600C8EABB /* TasksListService.swift */; };
		C1498B4A2B97570800C8EABB /* NSManagedObject+Extensions.swift in Sources */ = {isa = PBXBuildFile; fileRef = C1498B492B97570800C8EABB /* NSManagedObject+Extensions.swift */; };
		C1498B4C2B97579D00C8EABB /* Constants.swift in Sources */ = {isa = PBXBuildFile; fileRef = C1498B4B2B97579D00C8EABB /* Constants.swift */; };
		C1498B4E2B975AF000C8EABB /* HomeView.swift in Sources */ = {isa = PBXBuildFile; fileRef = C1498B4D2B975AF000C8EABB /* HomeView.swift */; };
		C1498B522B975B6200C8EABB /* PageLabel.swift in Sources */ = {isa = PBXBuildFile; fileRef = C1498B512B975B6200C8EABB /* PageLabel.swift */; };
		C1498B552B97679100C8EABB /* MainButton.swift in Sources */ = {isa = PBXBuildFile; fileRef = C1498B542B97679100C8EABB /* MainButton.swift */; };
		C1498B582B97682E00C8EABB /* EmptyStateView.swift in Sources */ = {isa = PBXBuildFile; fileRef = C1498B572B97682E00C8EABB /* EmptyStateView.swift */; };
		C1498B5B2B976D7E00C8EABB /* ToDoListCell.swift in Sources */ = {isa = PBXBuildFile; fileRef = C1498B5A2B976D7E00C8EABB /* ToDoListCell.swift */; };
		C157893D2BB0517C0087EBA3 /* HomeViewTest.swift in Sources */ = {isa = PBXBuildFile; fileRef = C157893C2BB0517C0087EBA3 /* HomeViewTest.swift */; };
		C157893F2BB05D090087EBA3 /* InMemoryCoreDataManager.swift in Sources */ = {isa = PBXBuildFile; fileRef = C157893E2BB05D090087EBA3 /* InMemoryCoreDataManager.swift */; };
		C15789422BB05DD30087EBA3 /* MockNavigationController.swift in Sources */ = {isa = PBXBuildFile; fileRef = C15789412BB05DD30087EBA3 /* MockNavigationController.swift */; };
		C15789462BB0614A0087EBA3 /* HomeViewControllerTest.swift in Sources */ = {isa = PBXBuildFile; fileRef = C15789452BB0614A0087EBA3 /* HomeViewControllerTest.swift */; };
		C15789482BB061870087EBA3 /* MockTaskListService.swift in Sources */ = {isa = PBXBuildFile; fileRef = C15789472BB061870087EBA3 /* MockTaskListService.swift */; };
		C157894A2BB065580087EBA3 /* MockTaskService.swift in Sources */ = {isa = PBXBuildFile; fileRef = C15789492BB065580087EBA3 /* MockTaskService.swift */; };
		C157894C2BB069430087EBA3 /* TasksListServiceTest.swift in Sources */ = {isa = PBXBuildFile; fileRef = C157894B2BB069430087EBA3 /* TasksListServiceTest.swift */; };
		C157894E2BB06E6D0087EBA3 /* TaskServiceTest.swift in Sources */ = {isa = PBXBuildFile; fileRef = C157894D2BB06E6D0087EBA3 /* TaskServiceTest.swift */; };
		C15789502BB0706A0087EBA3 /* AddListViewControllerTest.swift in Sources */ = {isa = PBXBuildFile; fileRef = C157894F2BB0706A0087EBA3 /* AddListViewControllerTest.swift */; };
		C15789522BB083AC0087EBA3 /* AddListViewTest.swift in Sources */ = {isa = PBXBuildFile; fileRef = C15789512BB083AC0087EBA3 /* AddListViewTest.swift */; };
		C1B1D77F2BADC38B00249BC6 /* AddTaskViewController.swift in Sources */ = {isa = PBXBuildFile; fileRef = C1B1D77E2BADC38B00249BC6 /* AddTaskViewController.swift */; };
		C1B1D7812BADC9C200249BC6 /* AddTaskView.swift in Sources */ = {isa = PBXBuildFile; fileRef = C1B1D7802BADC9C200249BC6 /* AddTaskView.swift */; };
		C1B1D7832BADD92900249BC6 /* ToDoList.xcdatamodeld in Resources */ = {isa = PBXBuildFile; fileRef = C1498B1E2B971A9C00C8EABB /* ToDoList.xcdatamodeld */; };
		C1B1D78B2BADE08800249BC6 /* MyToDosTests.swift in Sources */ = {isa = PBXBuildFile; fileRef = C1B1D78A2BADE08800249BC6 /* MyToDosTests.swift */; };
		C1B1D7982BADE0B800249BC6 /* MyToDosUITests.swift in Sources */ = {isa = PBXBuildFile; fileRef = C1B1D7972BADE0B800249BC6 /* MyToDosUITests.swift */; };
		C1B1D79A2BADE0B800249BC6 /* MyToDosUITestsLaunchTests.swift in Sources */ = {isa = PBXBuildFile; fileRef = C1B1D7992BADE0B800249BC6 /* MyToDosUITestsLaunchTests.swift */; };
		C1D7E1DA2B98713200B13962 /* AddListViewController.swift in Sources */ = {isa = PBXBuildFile; fileRef = C1D7E1D92B98713200B13962 /* AddListViewController.swift */; };
		C1D7E1DC2B98718A00B13962 /* AddListView.swift in Sources */ = {isa = PBXBuildFile; fileRef = C1D7E1DB2B98718A00B13962 /* AddListView.swift */; };
		C1D7E1DE2B9871C300B13962 /* BackButton.swift in Sources */ = {isa = PBXBuildFile; fileRef = C1D7E1DD2B9871C300B13962 /* BackButton.swift */; };
		C1D7E1E02B98726D00B13962 /* FieldLabel.swift in Sources */ = {isa = PBXBuildFile; fileRef = C1D7E1DF2B98726D00B13962 /* FieldLabel.swift */; };
		C1D7E1E32B98731300B13962 /* IconSelectorView.swift in Sources */ = {isa = PBXBuildFile; fileRef = C1D7E1E22B98731300B13962 /* IconSelectorView.swift */; };
		C1D7E1E52B9874CB00B13962 /* IconCell.swift in Sources */ = {isa = PBXBuildFile; fileRef = C1D7E1E42B9874CB00B13962 /* IconCell.swift */; };
		C1D7E1E72B989C2F00B13962 /* TaskListViewController.swift in Sources */ = {isa = PBXBuildFile; fileRef = C1D7E1E62B989C2F00B13962 /* TaskListViewController.swift */; };
		C1D7E1E92B989C6900B13962 /* TaskListView.swift in Sources */ = {isa = PBXBuildFile; fileRef = C1D7E1E82B989C6900B13962 /* TaskListView.swift */; };
		C1D7E1EB2B989FCA00B13962 /* TaskCell.swift in Sources */ = {isa = PBXBuildFile; fileRef = C1D7E1EA2B989FCA00B13962 /* TaskCell.swift */; };
		C1D7E1ED2B98A39300B13962 /* TaskCheckButton.swift in Sources */ = {isa = PBXBuildFile; fileRef = C1D7E1EC2B98A39300B13962 /* TaskCheckButton.swift */; };
/* End PBXBuildFile section */

/* Begin PBXContainerItemProxy section */
		C1B1D78C2BADE08800249BC6 /* PBXContainerItemProxy */ = {
			isa = PBXContainerItemProxy;
			containerPortal = C1498AE02B9719AE00C8EABB /* Project object */;
			proxyType = 1;
			remoteGlobalIDString = C1498AE72B9719AE00C8EABB;
			remoteInfo = MyToDos;
		};
		C1B1D79B2BADE0B800249BC6 /* PBXContainerItemProxy */ = {
			isa = PBXContainerItemProxy;
			containerPortal = C1498AE02B9719AE00C8EABB /* Project object */;
			proxyType = 1;
			remoteGlobalIDString = C1498AE72B9719AE00C8EABB;
			remoteInfo = MyToDos;
		};
/* End PBXContainerItemProxy section */

/* Begin PBXFileReference section */
		C1498AE82B9719AE00C8EABB /* MyToDos.app */ = {isa = PBXFileReference; explicitFileType = wrapper.application; includeInIndex = 0; path = MyToDos.app; sourceTree = BUILT_PRODUCTS_DIR; };
		C1498AEB2B9719AE00C8EABB /* AppDelegate.swift */ = {isa = PBXFileReference; lastKnownFileType = sourcecode.swift; path = AppDelegate.swift; sourceTree = "<group>"; };
		C1498AED2B9719AE00C8EABB /* SceneDelegate.swift */ = {isa = PBXFileReference; lastKnownFileType = sourcecode.swift; path = SceneDelegate.swift; sourceTree = "<group>"; };
		C1498AEF2B9719AE00C8EABB /* HomeViewController.swift */ = {isa = PBXFileReference; lastKnownFileType = sourcecode.swift; path = HomeViewController.swift; sourceTree = "<group>"; };
		C1498AF72B9719AF00C8EABB /* Assets.xcassets */ = {isa = PBXFileReference; lastKnownFileType = folder.assetcatalog; path = Assets.xcassets; sourceTree = "<group>"; };
		C1498AFA2B9719AF00C8EABB /* Base */ = {isa = PBXFileReference; lastKnownFileType = file.storyboard; name = Base; path = Base.lproj/LaunchScreen.storyboard; sourceTree = "<group>"; };
		C1498AFC2B9719AF00C8EABB /* Info.plist */ = {isa = PBXFileReference; lastKnownFileType = text.plist.xml; path = Info.plist; sourceTree = "<group>"; };
		C1498B1F2B971A9C00C8EABB /* ToDoList.xcdatamodel */ = {isa = PBXFileReference; lastKnownFileType = wrapper.xcdatamodel; path = ToDoList.xcdatamodel; sourceTree = "<group>"; };
		C1498B2A2B971C8100C8EABB /* CoreDataManager.swift */ = {isa = PBXFileReference; lastKnownFileType = sourcecode.swift; path = CoreDataManager.swift; sourceTree = "<group>"; };
		C1498B2C2B971F3D00C8EABB /* TaskList+CoreDataClass.swift */ = {isa = PBXFileReference; lastKnownFileType = sourcecode.swift; path = "TaskList+CoreDataClass.swift"; sourceTree = "<group>"; };
		C1498B2D2B971F3D00C8EABB /* TaskList+CoreDataProperties.swift */ = {isa = PBXFileReference; lastKnownFileType = sourcecode.swift; path = "TaskList+CoreDataProperties.swift"; sourceTree = "<group>"; };
		C1498B2E2B971F3D00C8EABB /* Task+CoreDataClass.swift */ = {isa = PBXFileReference; lastKnownFileType = sourcecode.swift; path = "Task+CoreDataClass.swift"; sourceTree = "<group>"; };
		C1498B2F2B971F3D00C8EABB /* Task+CoreDataProperties.swift */ = {isa = PBXFileReference; lastKnownFileType = sourcecode.swift; path = "Task+CoreDataProperties.swift"; sourceTree = "<group>"; };
		C1498B3D2B9730D700C8EABB /* EntityModelMapProtocol.swift */ = {isa = PBXFileReference; lastKnownFileType = sourcecode.swift; path = EntityModelMapProtocol.swift; sourceTree = "<group>"; };
		C1498B3F2B9731FA00C8EABB /* TaskModel.swift */ = {isa = PBXFileReference; lastKnownFileType = sourcecode.swift; path = TaskModel.swift; sourceTree = "<group>"; };
		C1498B412B97320200C8EABB /* TasksListModel.swift */ = {isa = PBXFileReference; lastKnownFileType = sourcecode.swift; path = TasksListModel.swift; sourceTree = "<group>"; };
		C1498B432B97327E00C8EABB /* TaskService.swift */ = {isa = PBXFileReference; lastKnownFileType = sourcecode.swift; path = TaskService.swift; sourceTree = "<group>"; };
		C1498B452B97328600C8EABB /* TasksListService.swift */ = {isa = PBXFileReference; lastKnownFileType = sourcecode.swift; path = TasksListService.swift; sourceTree = "<group>"; };
		C1498B492B97570800C8EABB /* NSManagedObject+Extensions.swift */ = {isa = PBXFileReference; lastKnownFileType = sourcecode.swift; path = "NSManagedObject+Extensions.swift"; sourceTree = "<group>"; };
		C1498B4B2B97579D00C8EABB /* Constants.swift */ = {isa = PBXFileReference; lastKnownFileType = sourcecode.swift; path = Constants.swift; sourceTree = "<group>"; };
		C1498B4D2B975AF000C8EABB /* HomeView.swift */ = {isa = PBXFileReference; lastKnownFileType = sourcecode.swift; path = HomeView.swift; sourceTree = "<group>"; };
		C1498B512B975B6200C8EABB /* PageLabel.swift */ = {isa = PBXFileReference; lastKnownFileType = sourcecode.swift; path = PageLabel.swift; sourceTree = "<group>"; };
		C1498B542B97679100C8EABB /* MainButton.swift */ = {isa = PBXFileReference; lastKnownFileType = sourcecode.swift; path = MainButton.swift; sourceTree = "<group>"; };
		C1498B572B97682E00C8EABB /* EmptyStateView.swift */ = {isa = PBXFileReference; lastKnownFileType = sourcecode.swift; path = EmptyStateView.swift; sourceTree = "<group>"; };
		C1498B5A2B976D7E00C8EABB /* ToDoListCell.swift */ = {isa = PBXFileReference; lastKnownFileType = sourcecode.swift; path = ToDoListCell.swift; sourceTree = "<group>"; };
		C157893C2BB0517C0087EBA3 /* HomeViewTest.swift */ = {isa = PBXFileReference; lastKnownFileType = sourcecode.swift; path = HomeViewTest.swift; sourceTree = "<group>"; };
		C157893E2BB05D090087EBA3 /* InMemoryCoreDataManager.swift */ = {isa = PBXFileReference; lastKnownFileType = sourcecode.swift; path = InMemoryCoreDataManager.swift; sourceTree = "<group>"; };
		C15789412BB05DD30087EBA3 /* MockNavigationController.swift */ = {isa = PBXFileReference; lastKnownFileType = sourcecode.swift; path = MockNavigationController.swift; sourceTree = "<group>"; };
		C15789452BB0614A0087EBA3 /* HomeViewControllerTest.swift */ = {isa = PBXFileReference; lastKnownFileType = sourcecode.swift; path = HomeViewControllerTest.swift; sourceTree = "<group>"; };
		C15789472BB061870087EBA3 /* MockTaskListService.swift */ = {isa = PBXFileReference; lastKnownFileType = sourcecode.swift; path = MockTaskListService.swift; sourceTree = "<group>"; };
		C15789492BB065580087EBA3 /* MockTaskService.swift */ = {isa = PBXFileReference; lastKnownFileType = sourcecode.swift; path = MockTaskService.swift; sourceTree = "<group>"; };
		C157894B2BB069430087EBA3 /* TasksListServiceTest.swift */ = {isa = PBXFileReference; lastKnownFileType = sourcecode.swift; path = TasksListServiceTest.swift; sourceTree = "<group>"; };
		C157894D2BB06E6D0087EBA3 /* TaskServiceTest.swift */ = {isa = PBXFileReference; lastKnownFileType = sourcecode.swift; path = TaskServiceTest.swift; sourceTree = "<group>"; };
		C157894F2BB0706A0087EBA3 /* AddListViewControllerTest.swift */ = {isa = PBXFileReference; lastKnownFileType = sourcecode.swift; path = AddListViewControllerTest.swift; sourceTree = "<group>"; };
		C15789512BB083AC0087EBA3 /* AddListViewTest.swift */ = {isa = PBXFileReference; lastKnownFileType = sourcecode.swift; path = AddListViewTest.swift; sourceTree = "<group>"; };
		C1B1D77E2BADC38B00249BC6 /* AddTaskViewController.swift */ = {isa = PBXFileReference; lastKnownFileType = sourcecode.swift; path = AddTaskViewController.swift; sourceTree = "<group>"; };
		C1B1D7802BADC9C200249BC6 /* AddTaskView.swift */ = {isa = PBXFileReference; lastKnownFileType = sourcecode.swift; path = AddTaskView.swift; sourceTree = "<group>"; };
		C1B1D7882BADE08800249BC6 /* MyToDosTests.xctest */ = {isa = PBXFileReference; explicitFileType = wrapper.cfbundle; includeInIndex = 0; path = MyToDosTests.xctest; sourceTree = BUILT_PRODUCTS_DIR; };
		C1B1D78A2BADE08800249BC6 /* MyToDosTests.swift */ = {isa = PBXFileReference; lastKnownFileType = sourcecode.swift; path = MyToDosTests.swift; sourceTree = "<group>"; };
		C1B1D7952BADE0B800249BC6 /* MyToDosUITests.xctest */ = {isa = PBXFileReference; explicitFileType = wrapper.cfbundle; includeInIndex = 0; path = MyToDosUITests.xctest; sourceTree = BUILT_PRODUCTS_DIR; };
		C1B1D7972BADE0B800249BC6 /* MyToDosUITests.swift */ = {isa = PBXFileReference; lastKnownFileType = sourcecode.swift; path = MyToDosUITests.swift; sourceTree = "<group>"; };
		C1B1D7992BADE0B800249BC6 /* MyToDosUITestsLaunchTests.swift */ = {isa = PBXFileReference; lastKnownFileType = sourcecode.swift; path = MyToDosUITestsLaunchTests.swift; sourceTree = "<group>"; };
		C1D7E1D92B98713200B13962 /* AddListViewController.swift */ = {isa = PBXFileReference; lastKnownFileType = sourcecode.swift; path = AddListViewController.swift; sourceTree = "<group>"; };
		C1D7E1DB2B98718A00B13962 /* AddListView.swift */ = {isa = PBXFileReference; lastKnownFileType = sourcecode.swift; path = AddListView.swift; sourceTree = "<group>"; };
		C1D7E1DD2B9871C300B13962 /* BackButton.swift */ = {isa = PBXFileReference; lastKnownFileType = sourcecode.swift; path = BackButton.swift; sourceTree = "<group>"; };
		C1D7E1DF2B98726D00B13962 /* FieldLabel.swift */ = {isa = PBXFileReference; lastKnownFileType = sourcecode.swift; path = FieldLabel.swift; sourceTree = "<group>"; };
		C1D7E1E22B98731300B13962 /* IconSelectorView.swift */ = {isa = PBXFileReference; lastKnownFileType = sourcecode.swift; path = IconSelectorView.swift; sourceTree = "<group>"; };
		C1D7E1E42B9874CB00B13962 /* IconCell.swift */ = {isa = PBXFileReference; lastKnownFileType = sourcecode.swift; path = IconCell.swift; sourceTree = "<group>"; };
		C1D7E1E62B989C2F00B13962 /* TaskListViewController.swift */ = {isa = PBXFileReference; lastKnownFileType = sourcecode.swift; path = TaskListViewController.swift; sourceTree = "<group>"; };
		C1D7E1E82B989C6900B13962 /* TaskListView.swift */ = {isa = PBXFileReference; lastKnownFileType = sourcecode.swift; path = TaskListView.swift; sourceTree = "<group>"; };
		C1D7E1EA2B989FCA00B13962 /* TaskCell.swift */ = {isa = PBXFileReference; lastKnownFileType = sourcecode.swift; path = TaskCell.swift; sourceTree = "<group>"; };
		C1D7E1EC2B98A39300B13962 /* TaskCheckButton.swift */ = {isa = PBXFileReference; lastKnownFileType = sourcecode.swift; path = TaskCheckButton.swift; sourceTree = "<group>"; };
/* End PBXFileReference section */

/* Begin PBXFrameworksBuildPhase section */
		C1498AE52B9719AE00C8EABB /* Frameworks */ = {
			isa = PBXFrameworksBuildPhase;
			buildActionMask = 2147483647;
			files = (
			);
			runOnlyForDeploymentPostprocessing = 0;
		};
		C1B1D7852BADE08800249BC6 /* Frameworks */ = {
			isa = PBXFrameworksBuildPhase;
			buildActionMask = 2147483647;
			files = (
			);
			runOnlyForDeploymentPostprocessing = 0;
		};
		C1B1D7922BADE0B800249BC6 /* Frameworks */ = {
			isa = PBXFrameworksBuildPhase;
			buildActionMask = 2147483647;
			files = (
			);
			runOnlyForDeploymentPostprocessing = 0;
		};
/* End PBXFrameworksBuildPhase section */

/* Begin PBXGroup section */
		C1498ADF2B9719AE00C8EABB = {
			isa = PBXGroup;
			children = (
				C1498AEA2B9719AE00C8EABB /* MyToDos */,
				C1B1D7892BADE08800249BC6 /* MyToDosTests */,
				C1B1D7962BADE0B800249BC6 /* MyToDosUITests */,
				C1498AE92B9719AE00C8EABB /* Products */,
			);
			sourceTree = "<group>";
		};
		C1498AE92B9719AE00C8EABB /* Products */ = {
			isa = PBXGroup;
			children = (
				C1498AE82B9719AE00C8EABB /* MyToDos.app */,
				C1B1D7882BADE08800249BC6 /* MyToDosTests.xctest */,
				C1B1D7952BADE0B800249BC6 /* MyToDosUITests.xctest */,
			);
			name = Products;
			sourceTree = "<group>";
		};
		C1498AEA2B9719AE00C8EABB /* MyToDos */ = {
			isa = PBXGroup;
			children = (
				C1498AEB2B9719AE00C8EABB /* AppDelegate.swift */,
				C1498AF72B9719AF00C8EABB /* Assets.xcassets */,
				C1498B382B972DE900C8EABB /* Controller */,
				C1498AFC2B9719AF00C8EABB /* Info.plist */,
				C1498AF92B9719AF00C8EABB /* LaunchScreen.storyboard */,
				C1498B362B972DD500C8EABB /* Model */,
				C1498AED2B9719AE00C8EABB /* SceneDelegate.swift */,
				C1498B1E2B971A9C00C8EABB /* ToDoList.xcdatamodeld */,
				C1498B372B972DDF00C8EABB /* View */,
			);
			path = MyToDos;
			sourceTree = "<group>";
		};
		C1498B292B971C0A00C8EABB /* CoreData */ = {
			isa = PBXGroup;
			children = (
				C1498B2C2B971F3D00C8EABB /* TaskList+CoreDataClass.swift */,
				C1498B2D2B971F3D00C8EABB /* TaskList+CoreDataProperties.swift */,
				C1498B2E2B971F3D00C8EABB /* Task+CoreDataClass.swift */,
				C1498B2F2B971F3D00C8EABB /* Task+CoreDataProperties.swift */,
				C1498B2A2B971C8100C8EABB /* CoreDataManager.swift */,
			);
			path = CoreData;
			sourceTree = "<group>";
		};
		C1498B362B972DD500C8EABB /* Model */ = {
			isa = PBXGroup;
			children = (
				C1498B3C2B972E2500C8EABB /* Helpers */,
				C1498B3B2B972E1E00C8EABB /* Extensions */,
				C1498B3A2B972E1800C8EABB /* Services */,
				C1498B392B972E1000C8EABB /* Models */,
				C1498B292B971C0A00C8EABB /* CoreData */,
			);
			path = Model;
			sourceTree = "<group>";
		};
		C1498B372B972DDF00C8EABB /* View */ = {
			isa = PBXGroup;
			children = (
				C1D7E1E12B98730900B13962 /* Collection */,
				C1498B592B976D7400C8EABB /* Cells */,
				C1498B562B97682100C8EABB /* Empty State */,
				C1498B532B97678A00C8EABB /* Buttons */,
				C1498B502B975B5A00C8EABB /* Labels */,
				C1498B4F2B975B0200C8EABB /* Screen */,
			);
			path = View;
			sourceTree = "<group>";
		};
		C1498B382B972DE900C8EABB /* Controller */ = {
			isa = PBXGroup;
			children = (
				C1498AEF2B9719AE00C8EABB /* HomeViewController.swift */,
				C1D7E1D92B98713200B13962 /* AddListViewController.swift */,
				C1D7E1E62B989C2F00B13962 /* TaskListViewController.swift */,
				C1B1D77E2BADC38B00249BC6 /* AddTaskViewController.swift */,
			);
			path = Controller;
			sourceTree = "<group>";
		};
		C1498B392B972E1000C8EABB /* Models */ = {
			isa = PBXGroup;
			children = (
				C1498B3D2B9730D700C8EABB /* EntityModelMapProtocol.swift */,
				C1498B3F2B9731FA00C8EABB /* TaskModel.swift */,
				C1498B412B97320200C8EABB /* TasksListModel.swift */,
			);
			path = Models;
			sourceTree = "<group>";
		};
		C1498B3A2B972E1800C8EABB /* Services */ = {
			isa = PBXGroup;
			children = (
				C1498B432B97327E00C8EABB /* TaskService.swift */,
				C1498B452B97328600C8EABB /* TasksListService.swift */,
			);
			path = Services;
			sourceTree = "<group>";
		};
		C1498B3B2B972E1E00C8EABB /* Extensions */ = {
			isa = PBXGroup;
			children = (
				C1498B492B97570800C8EABB /* NSManagedObject+Extensions.swift */,
			);
			path = Extensions;
			sourceTree = "<group>";
		};
		C1498B3C2B972E2500C8EABB /* Helpers */ = {
			isa = PBXGroup;
			children = (
				C1498B4B2B97579D00C8EABB /* Constants.swift */,
			);
			path = Helpers;
			sourceTree = "<group>";
		};
		C1498B4F2B975B0200C8EABB /* Screen */ = {
			isa = PBXGroup;
			children = (
				C1498B4D2B975AF000C8EABB /* HomeView.swift */,
				C1D7E1DB2B98718A00B13962 /* AddListView.swift */,
				C1D7E1E82B989C6900B13962 /* TaskListView.swift */,
				C1B1D7802BADC9C200249BC6 /* AddTaskView.swift */,
			);
			path = Screen;
			sourceTree = "<group>";
		};
		C1498B502B975B5A00C8EABB /* Labels */ = {
			isa = PBXGroup;
			children = (
				C1498B512B975B6200C8EABB /* PageLabel.swift */,
				C1D7E1DF2B98726D00B13962 /* FieldLabel.swift */,
			);
			path = Labels;
			sourceTree = "<group>";
		};
		C1498B532B97678A00C8EABB /* Buttons */ = {
			isa = PBXGroup;
			children = (
				C1498B542B97679100C8EABB /* MainButton.swift */,
				C1D7E1DD2B9871C300B13962 /* BackButton.swift */,
				C1D7E1EC2B98A39300B13962 /* TaskCheckButton.swift */,
			);
			path = Buttons;
			sourceTree = "<group>";
		};
		C1498B562B97682100C8EABB /* Empty State */ = {
			isa = PBXGroup;
			children = (
				C1498B572B97682E00C8EABB /* EmptyStateView.swift */,
			);
			path = "Empty State";
			sourceTree = "<group>";
		};
		C1498B592B976D7400C8EABB /* Cells */ = {
			isa = PBXGroup;
			children = (
				C1498B5A2B976D7E00C8EABB /* ToDoListCell.swift */,
				C1D7E1E42B9874CB00B13962 /* IconCell.swift */,
				C1D7E1EA2B989FCA00B13962 /* TaskCell.swift */,
			);
			path = Cells;
			sourceTree = "<group>";
		};
		C15789402BB05DC30087EBA3 /* Mocks */ = {
			isa = PBXGroup;
			children = (
				C15789412BB05DD30087EBA3 /* MockNavigationController.swift */,
				C15789472BB061870087EBA3 /* MockTaskListService.swift */,
				C15789492BB065580087EBA3 /* MockTaskService.swift */,
			);
			path = Mocks;
			sourceTree = "<group>";
		};
		C1B1D7892BADE08800249BC6 /* MyToDosTests */ = {
			isa = PBXGroup;
			children = (
				C15789402BB05DC30087EBA3 /* Mocks */,
				C157893C2BB0517C0087EBA3 /* HomeViewTest.swift */,
				C15789452BB0614A0087EBA3 /* HomeViewControllerTest.swift */,
				C157894B2BB069430087EBA3 /* TasksListServiceTest.swift */,
				C157894D2BB06E6D0087EBA3 /* TaskServiceTest.swift */,
				C157894F2BB0706A0087EBA3 /* AddListViewControllerTest.swift */,
				C15789512BB083AC0087EBA3 /* AddListViewTest.swift */,
				C157893E2BB05D090087EBA3 /* InMemoryCoreDataManager.swift */,
				C1B1D78A2BADE08800249BC6 /* MyToDosTests.swift */,
			);
			path = MyToDosTests;
			sourceTree = "<group>";
		};
		C1B1D7962BADE0B800249BC6 /* MyToDosUITests */ = {
			isa = PBXGroup;
			children = (
				C1B1D7972BADE0B800249BC6 /* MyToDosUITests.swift */,
				C1B1D7992BADE0B800249BC6 /* MyToDosUITestsLaunchTests.swift */,
			);
			path = MyToDosUITests;
			sourceTree = "<group>";
		};
		C1D7E1E12B98730900B13962 /* Collection */ = {
			isa = PBXGroup;
			children = (
				C1D7E1E22B98731300B13962 /* IconSelectorView.swift */,
			);
			path = Collection;
			sourceTree = "<group>";
		};
/* End PBXGroup section */

/* Begin PBXNativeTarget section */
		C1498AE72B9719AE00C8EABB /* MyToDos */ = {
			isa = PBXNativeTarget;
			buildConfigurationList = C1498B152B9719AF00C8EABB /* Build configuration list for PBXNativeTarget "MyToDos" */;
			buildPhases = (
				C1498AE42B9719AE00C8EABB /* Sources */,
				C1498AE52B9719AE00C8EABB /* Frameworks */,
				C1498AE62B9719AE00C8EABB /* Resources */,
			);
			buildRules = (
			);
			dependencies = (
			);
			name = MyToDos;
			productName = MyToDos;
			productReference = C1498AE82B9719AE00C8EABB /* MyToDos.app */;
			productType = "com.apple.product-type.application";
		};
		C1B1D7872BADE08800249BC6 /* MyToDosTests */ = {
			isa = PBXNativeTarget;
			buildConfigurationList = C1B1D78E2BADE08800249BC6 /* Build configuration list for PBXNativeTarget "MyToDosTests" */;
			buildPhases = (
				C1B1D7842BADE08800249BC6 /* Sources */,
				C1B1D7852BADE08800249BC6 /* Frameworks */,
				C1B1D7862BADE08800249BC6 /* Resources */,
			);
			buildRules = (
			);
			dependencies = (
				C1B1D78D2BADE08800249BC6 /* PBXTargetDependency */,
			);
			name = MyToDosTests;
			productName = MyToDosTests;
			productReference = C1B1D7882BADE08800249BC6 /* MyToDosTests.xctest */;
			productType = "com.apple.product-type.bundle.unit-test";
		};
		C1B1D7942BADE0B800249BC6 /* MyToDosUITests */ = {
			isa = PBXNativeTarget;
			buildConfigurationList = C1B1D79D2BADE0B800249BC6 /* Build configuration list for PBXNativeTarget "MyToDosUITests" */;
			buildPhases = (
				C1B1D7912BADE0B800249BC6 /* Sources */,
				C1B1D7922BADE0B800249BC6 /* Frameworks */,
				C1B1D7932BADE0B800249BC6 /* Resources */,
			);
			buildRules = (
			);
			dependencies = (
				C1B1D79C2BADE0B800249BC6 /* PBXTargetDependency */,
			);
			name = MyToDosUITests;
			productName = MyToDosUITests;
			productReference = C1B1D7952BADE0B800249BC6 /* MyToDosUITests.xctest */;
			productType = "com.apple.product-type.bundle.ui-testing";
		};
/* End PBXNativeTarget section */

/* Begin PBXProject section */
		C1498AE02B9719AE00C8EABB /* Project object */ = {
			isa = PBXProject;
			attributes = {
				BuildIndependentTargetsInParallel = 1;
				LastSwiftUpdateCheck = 1530;
				LastUpgradeCheck = 1520;
				TargetAttributes = {
					C1498AE72B9719AE00C8EABB = {
						CreatedOnToolsVersion = 15.2;
					};
					C1B1D7872BADE08800249BC6 = {
						CreatedOnToolsVersion = 15.3;
						TestTargetID = C1498AE72B9719AE00C8EABB;
					};
					C1B1D7942BADE0B800249BC6 = {
						CreatedOnToolsVersion = 15.3;
						TestTargetID = C1498AE72B9719AE00C8EABB;
					};
				};
			};
			buildConfigurationList = C1498AE32B9719AE00C8EABB /* Build configuration list for PBXProject "MyToDos" */;
			compatibilityVersion = "Xcode 14.0";
			developmentRegion = en;
			hasScannedForEncodings = 0;
			knownRegions = (
				en,
				Base,
			);
			mainGroup = C1498ADF2B9719AE00C8EABB;
			productRefGroup = C1498AE92B9719AE00C8EABB /* Products */;
			projectDirPath = "";
			projectRoot = "";
			targets = (
				C1498AE72B9719AE00C8EABB /* MyToDos */,
				C1B1D7872BADE08800249BC6 /* MyToDosTests */,
				C1B1D7942BADE0B800249BC6 /* MyToDosUITests */,
			);
		};
/* End PBXProject section */

/* Begin PBXResourcesBuildPhase section */
		C1498AE62B9719AE00C8EABB /* Resources */ = {
			isa = PBXResourcesBuildPhase;
			buildActionMask = 2147483647;
			files = (
				C1B1D7832BADD92900249BC6 /* ToDoList.xcdatamodeld in Resources */,
				C1498AFB2B9719AF00C8EABB /* LaunchScreen.storyboard in Resources */,
				C1498AF82B9719AF00C8EABB /* Assets.xcassets in Resources */,
			);
			runOnlyForDeploymentPostprocessing = 0;
		};
		C1B1D7862BADE08800249BC6 /* Resources */ = {
			isa = PBXResourcesBuildPhase;
			buildActionMask = 2147483647;
			files = (
			);
			runOnlyForDeploymentPostprocessing = 0;
		};
		C1B1D7932BADE0B800249BC6 /* Resources */ = {
			isa = PBXResourcesBuildPhase;
			buildActionMask = 2147483647;
			files = (
			);
			runOnlyForDeploymentPostprocessing = 0;
		};
/* End PBXResourcesBuildPhase section */

/* Begin PBXSourcesBuildPhase section */
		C1498AE42B9719AE00C8EABB /* Sources */ = {
			isa = PBXSourcesBuildPhase;
			buildActionMask = 2147483647;
			files = (
				C1498B312B971F3D00C8EABB /* TaskList+CoreDataProperties.swift in Sources */,
				C1498B422B97320200C8EABB /* TasksListModel.swift in Sources */,
				C1498B582B97682E00C8EABB /* EmptyStateView.swift in Sources */,
				C1B1D7812BADC9C200249BC6 /* AddTaskView.swift in Sources */,
				C1D7E1E32B98731300B13962 /* IconSelectorView.swift in Sources */,
				C1498B302B971F3D00C8EABB /* TaskList+CoreDataClass.swift in Sources */,
				C1D7E1EB2B989FCA00B13962 /* TaskCell.swift in Sources */,
				C1D7E1E72B989C2F00B13962 /* TaskListViewController.swift in Sources */,
				C1498B402B9731FA00C8EABB /* TaskModel.swift in Sources */,
				C1D7E1E92B989C6900B13962 /* TaskListView.swift in Sources */,
				C1498B322B971F3D00C8EABB /* Task+CoreDataClass.swift in Sources */,
				C1498B522B975B6200C8EABB /* PageLabel.swift in Sources */,
				C1498B4E2B975AF000C8EABB /* HomeView.swift in Sources */,
				C1498AF02B9719AE00C8EABB /* HomeViewController.swift in Sources */,
				C1D7E1DA2B98713200B13962 /* AddListViewController.swift in Sources */,
				C1D7E1DC2B98718A00B13962 /* AddListView.swift in Sources */,
				C1498B3E2B9730D700C8EABB /* EntityModelMapProtocol.swift in Sources */,
				C1498B4C2B97579D00C8EABB /* Constants.swift in Sources */,
				C1498B4A2B97570800C8EABB /* NSManagedObject+Extensions.swift in Sources */,
				C1498B332B971F3D00C8EABB /* Task+CoreDataProperties.swift in Sources */,
				C1D7E1E02B98726D00B13962 /* FieldLabel.swift in Sources */,
				C1B1D77F2BADC38B00249BC6 /* AddTaskViewController.swift in Sources */,
				C1498B442B97327E00C8EABB /* TaskService.swift in Sources */,
				C1498AEC2B9719AE00C8EABB /* AppDelegate.swift in Sources */,
				C1498B552B97679100C8EABB /* MainButton.swift in Sources */,
				C1D7E1E52B9874CB00B13962 /* IconCell.swift in Sources */,
				C1D7E1DE2B9871C300B13962 /* BackButton.swift in Sources */,
				C1D7E1ED2B98A39300B13962 /* TaskCheckButton.swift in Sources */,
				C1498AEE2B9719AE00C8EABB /* SceneDelegate.swift in Sources */,
				C1498B462B97328600C8EABB /* TasksListService.swift in Sources */,
				C1498B2B2B971C8100C8EABB /* CoreDataManager.swift in Sources */,
				C1498B5B2B976D7E00C8EABB /* ToDoListCell.swift in Sources */,
			);
			runOnlyForDeploymentPostprocessing = 0;
		};
		C1B1D7842BADE08800249BC6 /* Sources */ = {
			isa = PBXSourcesBuildPhase;
			buildActionMask = 2147483647;
			files = (
				C157894C2BB069430087EBA3 /* TasksListServiceTest.swift in Sources */,
				C157893F2BB05D090087EBA3 /* InMemoryCoreDataManager.swift in Sources */,
				C157894E2BB06E6D0087EBA3 /* TaskServiceTest.swift in Sources */,
				C15789462BB0614A0087EBA3 /* HomeViewControllerTest.swift in Sources */,
				C15789482BB061870087EBA3 /* MockTaskListService.swift in Sources */,
				C1B1D78B2BADE08800249BC6 /* MyToDosTests.swift in Sources */,
				C157893D2BB0517C0087EBA3 /* HomeViewTest.swift in Sources */,
				C15789522BB083AC0087EBA3 /* AddListViewTest.swift in Sources */,
				C15789422BB05DD30087EBA3 /* MockNavigationController.swift in Sources */,
				C15789502BB0706A0087EBA3 /* AddListViewControllerTest.swift in Sources */,
				C157894A2BB065580087EBA3 /* MockTaskService.swift in Sources */,
			);
			runOnlyForDeploymentPostprocessing = 0;
		};
		C1B1D7912BADE0B800249BC6 /* Sources */ = {
			isa = PBXSourcesBuildPhase;
			buildActionMask = 2147483647;
			files = (
				C1B1D79A2BADE0B800249BC6 /* MyToDosUITestsLaunchTests.swift in Sources */,
				C1B1D7982BADE0B800249BC6 /* MyToDosUITests.swift in Sources */,
			);
			runOnlyForDeploymentPostprocessing = 0;
		};
/* End PBXSourcesBuildPhase section */

/* Begin PBXTargetDependency section */
		C1B1D78D2BADE08800249BC6 /* PBXTargetDependency */ = {
			isa = PBXTargetDependency;
			target = C1498AE72B9719AE00C8EABB /* MyToDos */;
			targetProxy = C1B1D78C2BADE08800249BC6 /* PBXContainerItemProxy */;
		};
		C1B1D79C2BADE0B800249BC6 /* PBXTargetDependency */ = {
			isa = PBXTargetDependency;
			target = C1498AE72B9719AE00C8EABB /* MyToDos */;
			targetProxy = C1B1D79B2BADE0B800249BC6 /* PBXContainerItemProxy */;
		};
/* End PBXTargetDependency section */

/* Begin PBXVariantGroup section */
		C1498AF92B9719AF00C8EABB /* LaunchScreen.storyboard */ = {
			isa = PBXVariantGroup;
			children = (
				C1498AFA2B9719AF00C8EABB /* Base */,
			);
			name = LaunchScreen.storyboard;
			sourceTree = "<group>";
		};
/* End PBXVariantGroup section */

/* Begin XCBuildConfiguration section */
		C1498B132B9719AF00C8EABB /* Debug */ = {
			isa = XCBuildConfiguration;
			buildSettings = {
				ALWAYS_SEARCH_USER_PATHS = NO;
				ASSETCATALOG_COMPILER_GENERATE_SWIFT_ASSET_SYMBOL_EXTENSIONS = YES;
				CLANG_ANALYZER_NONNULL = YES;
				CLANG_ANALYZER_NUMBER_OBJECT_CONVERSION = YES_AGGRESSIVE;
				CLANG_CXX_LANGUAGE_STANDARD = "gnu++20";
				CLANG_ENABLE_MODULES = YES;
				CLANG_ENABLE_OBJC_ARC = YES;
				CLANG_ENABLE_OBJC_WEAK = YES;
				CLANG_WARN_BLOCK_CAPTURE_AUTORELEASING = YES;
				CLANG_WARN_BOOL_CONVERSION = YES;
				CLANG_WARN_COMMA = YES;
				CLANG_WARN_CONSTANT_CONVERSION = YES;
				CLANG_WARN_DEPRECATED_OBJC_IMPLEMENTATIONS = YES;
				CLANG_WARN_DIRECT_OBJC_ISA_USAGE = YES_ERROR;
				CLANG_WARN_DOCUMENTATION_COMMENTS = YES;
				CLANG_WARN_EMPTY_BODY = YES;
				CLANG_WARN_ENUM_CONVERSION = YES;
				CLANG_WARN_INFINITE_RECURSION = YES;
				CLANG_WARN_INT_CONVERSION = YES;
				CLANG_WARN_NON_LITERAL_NULL_CONVERSION = YES;
				CLANG_WARN_OBJC_IMPLICIT_RETAIN_SELF = YES;
				CLANG_WARN_OBJC_LITERAL_CONVERSION = YES;
				CLANG_WARN_OBJC_ROOT_CLASS = YES_ERROR;
				CLANG_WARN_QUOTED_INCLUDE_IN_FRAMEWORK_HEADER = YES;
				CLANG_WARN_RANGE_LOOP_ANALYSIS = YES;
				CLANG_WARN_STRICT_PROTOTYPES = YES;
				CLANG_WARN_SUSPICIOUS_MOVE = YES;
				CLANG_WARN_UNGUARDED_AVAILABILITY = YES_AGGRESSIVE;
				CLANG_WARN_UNREACHABLE_CODE = YES;
				CLANG_WARN__DUPLICATE_METHOD_MATCH = YES;
				COPY_PHASE_STRIP = NO;
				DEBUG_INFORMATION_FORMAT = dwarf;
				ENABLE_STRICT_OBJC_MSGSEND = YES;
				ENABLE_TESTABILITY = YES;
				ENABLE_USER_SCRIPT_SANDBOXING = YES;
				GCC_C_LANGUAGE_STANDARD = gnu17;
				GCC_DYNAMIC_NO_PIC = NO;
				GCC_NO_COMMON_BLOCKS = YES;
				GCC_OPTIMIZATION_LEVEL = 0;
				GCC_PREPROCESSOR_DEFINITIONS = (
					"DEBUG=1",
					"$(inherited)",
				);
				GCC_WARN_64_TO_32_BIT_CONVERSION = YES;
				GCC_WARN_ABOUT_RETURN_TYPE = YES_ERROR;
				GCC_WARN_UNDECLARED_SELECTOR = YES;
				GCC_WARN_UNINITIALIZED_AUTOS = YES_AGGRESSIVE;
				GCC_WARN_UNUSED_FUNCTION = YES;
				GCC_WARN_UNUSED_VARIABLE = YES;
				IPHONEOS_DEPLOYMENT_TARGET = 17.2;
				LOCALIZATION_PREFERS_STRING_CATALOGS = YES;
				MTL_ENABLE_DEBUG_INFO = INCLUDE_SOURCE;
				MTL_FAST_MATH = YES;
				ONLY_ACTIVE_ARCH = YES;
				SDKROOT = iphoneos;
				SWIFT_ACTIVE_COMPILATION_CONDITIONS = "DEBUG $(inherited)";
				SWIFT_OPTIMIZATION_LEVEL = "-Onone";
			};
			name = Debug;
		};
		C1498B142B9719AF00C8EABB /* Release */ = {
			isa = XCBuildConfiguration;
			buildSettings = {
				ALWAYS_SEARCH_USER_PATHS = NO;
				ASSETCATALOG_COMPILER_GENERATE_SWIFT_ASSET_SYMBOL_EXTENSIONS = YES;
				CLANG_ANALYZER_NONNULL = YES;
				CLANG_ANALYZER_NUMBER_OBJECT_CONVERSION = YES_AGGRESSIVE;
				CLANG_CXX_LANGUAGE_STANDARD = "gnu++20";
				CLANG_ENABLE_MODULES = YES;
				CLANG_ENABLE_OBJC_ARC = YES;
				CLANG_ENABLE_OBJC_WEAK = YES;
				CLANG_WARN_BLOCK_CAPTURE_AUTORELEASING = YES;
				CLANG_WARN_BOOL_CONVERSION = YES;
				CLANG_WARN_COMMA = YES;
				CLANG_WARN_CONSTANT_CONVERSION = YES;
				CLANG_WARN_DEPRECATED_OBJC_IMPLEMENTATIONS = YES;
				CLANG_WARN_DIRECT_OBJC_ISA_USAGE = YES_ERROR;
				CLANG_WARN_DOCUMENTATION_COMMENTS = YES;
				CLANG_WARN_EMPTY_BODY = YES;
				CLANG_WARN_ENUM_CONVERSION = YES;
				CLANG_WARN_INFINITE_RECURSION = YES;
				CLANG_WARN_INT_CONVERSION = YES;
				CLANG_WARN_NON_LITERAL_NULL_CONVERSION = YES;
				CLANG_WARN_OBJC_IMPLICIT_RETAIN_SELF = YES;
				CLANG_WARN_OBJC_LITERAL_CONVERSION = YES;
				CLANG_WARN_OBJC_ROOT_CLASS = YES_ERROR;
				CLANG_WARN_QUOTED_INCLUDE_IN_FRAMEWORK_HEADER = YES;
				CLANG_WARN_RANGE_LOOP_ANALYSIS = YES;
				CLANG_WARN_STRICT_PROTOTYPES = YES;
				CLANG_WARN_SUSPICIOUS_MOVE = YES;
				CLANG_WARN_UNGUARDED_AVAILABILITY = YES_AGGRESSIVE;
				CLANG_WARN_UNREACHABLE_CODE = YES;
				CLANG_WARN__DUPLICATE_METHOD_MATCH = YES;
				COPY_PHASE_STRIP = NO;
				DEBUG_INFORMATION_FORMAT = "dwarf-with-dsym";
				ENABLE_NS_ASSERTIONS = NO;
				ENABLE_STRICT_OBJC_MSGSEND = YES;
				ENABLE_USER_SCRIPT_SANDBOXING = YES;
				GCC_C_LANGUAGE_STANDARD = gnu17;
				GCC_NO_COMMON_BLOCKS = YES;
				GCC_WARN_64_TO_32_BIT_CONVERSION = YES;
				GCC_WARN_ABOUT_RETURN_TYPE = YES_ERROR;
				GCC_WARN_UNDECLARED_SELECTOR = YES;
				GCC_WARN_UNINITIALIZED_AUTOS = YES_AGGRESSIVE;
				GCC_WARN_UNUSED_FUNCTION = YES;
				GCC_WARN_UNUSED_VARIABLE = YES;
				IPHONEOS_DEPLOYMENT_TARGET = 17.2;
				LOCALIZATION_PREFERS_STRING_CATALOGS = YES;
				MTL_ENABLE_DEBUG_INFO = NO;
				MTL_FAST_MATH = YES;
				SDKROOT = iphoneos;
				SWIFT_COMPILATION_MODE = wholemodule;
				VALIDATE_PRODUCT = YES;
			};
			name = Release;
		};
		C1498B162B9719AF00C8EABB /* Debug */ = {
			isa = XCBuildConfiguration;
			buildSettings = {
				ASSETCATALOG_COMPILER_APPICON_NAME = AppIcon;
				ASSETCATALOG_COMPILER_GLOBAL_ACCENT_COLOR_NAME = AccentColor;
				CODE_SIGN_STYLE = Automatic;
				CURRENT_PROJECT_VERSION = 1;
				DEVELOPMENT_TEAM = M6RSUA6A9T;
				GENERATE_INFOPLIST_FILE = YES;
				INFOPLIST_FILE = MyToDos/Info.plist;
				INFOPLIST_KEY_UIApplicationSupportsIndirectInputEvents = YES;
				INFOPLIST_KEY_UILaunchStoryboardName = LaunchScreen;
				INFOPLIST_KEY_UISupportedInterfaceOrientations_iPad = "UIInterfaceOrientationPortrait UIInterfaceOrientationPortraitUpsideDown UIInterfaceOrientationLandscapeLeft UIInterfaceOrientationLandscapeRight";
				INFOPLIST_KEY_UISupportedInterfaceOrientations_iPhone = "UIInterfaceOrientationPortrait UIInterfaceOrientationLandscapeLeft UIInterfaceOrientationLandscapeRight";
				IPHONEOS_DEPLOYMENT_TARGET = 15.0;
				LD_RUNPATH_SEARCH_PATHS = (
					"$(inherited)",
					"@executable_path/Frameworks",
				);
				MARKETING_VERSION = 1.0;
				PRODUCT_BUNDLE_IDENTIFIER = me.gurbanova.julia.MyToDos;
				PRODUCT_NAME = "$(TARGET_NAME)";
				SWIFT_EMIT_LOC_STRINGS = YES;
				SWIFT_VERSION = 5.0;
				TARGETED_DEVICE_FAMILY = "1,2";
			};
			name = Debug;
		};
		C1498B172B9719AF00C8EABB /* Release */ = {
			isa = XCBuildConfiguration;
			buildSettings = {
				ASSETCATALOG_COMPILER_APPICON_NAME = AppIcon;
				ASSETCATALOG_COMPILER_GLOBAL_ACCENT_COLOR_NAME = AccentColor;
				CODE_SIGN_STYLE = Automatic;
				CURRENT_PROJECT_VERSION = 1;
				DEVELOPMENT_TEAM = M6RSUA6A9T;
				GENERATE_INFOPLIST_FILE = YES;
				INFOPLIST_FILE = MyToDos/Info.plist;
				INFOPLIST_KEY_UIApplicationSupportsIndirectInputEvents = YES;
				INFOPLIST_KEY_UILaunchStoryboardName = LaunchScreen;
				INFOPLIST_KEY_UISupportedInterfaceOrientations_iPad = "UIInterfaceOrientationPortrait UIInterfaceOrientationPortraitUpsideDown UIInterfaceOrientationLandscapeLeft UIInterfaceOrientationLandscapeRight";
				INFOPLIST_KEY_UISupportedInterfaceOrientations_iPhone = "UIInterfaceOrientationPortrait UIInterfaceOrientationLandscapeLeft UIInterfaceOrientationLandscapeRight";
				IPHONEOS_DEPLOYMENT_TARGET = 15.0;
				LD_RUNPATH_SEARCH_PATHS = (
					"$(inherited)",
					"@executable_path/Frameworks",
				);
				MARKETING_VERSION = 1.0;
				PRODUCT_BUNDLE_IDENTIFIER = me.gurbanova.julia.MyToDos;
				PRODUCT_NAME = "$(TARGET_NAME)";
				SWIFT_EMIT_LOC_STRINGS = YES;
				SWIFT_VERSION = 5.0;
				TARGETED_DEVICE_FAMILY = "1,2";
			};
			name = Release;
		};
		C1B1D78F2BADE08800249BC6 /* Debug */ = {
			isa = XCBuildConfiguration;
			buildSettings = {
				BUNDLE_LOADER = "$(TEST_HOST)";
				CODE_SIGN_STYLE = Automatic;
				CURRENT_PROJECT_VERSION = 1;
				DEVELOPMENT_TEAM = M6RSUA6A9T;
				GENERATE_INFOPLIST_FILE = YES;
				IPHONEOS_DEPLOYMENT_TARGET = 17.0;
				MARKETING_VERSION = 1.0;
				PRODUCT_BUNDLE_IDENTIFIER = me.gurbanova.julia.MyToDosTests;
				PRODUCT_NAME = "$(TARGET_NAME)";
				SWIFT_EMIT_LOC_STRINGS = NO;
				SWIFT_VERSION = 5.0;
				TARGETED_DEVICE_FAMILY = "1,2";
				TEST_HOST = "$(BUILT_PRODUCTS_DIR)/MyToDos.app/$(BUNDLE_EXECUTABLE_FOLDER_PATH)/MyToDos";
			};
			name = Debug;
		};
		C1B1D7902BADE08800249BC6 /* Release */ = {
			isa = XCBuildConfiguration;
			buildSettings = {
				BUNDLE_LOADER = "$(TEST_HOST)";
				CODE_SIGN_STYLE = Automatic;
				CURRENT_PROJECT_VERSION = 1;
				DEVELOPMENT_TEAM = M6RSUA6A9T;
				GENERATE_INFOPLIST_FILE = YES;
				IPHONEOS_DEPLOYMENT_TARGET = 17.0;
				MARKETING_VERSION = 1.0;
				PRODUCT_BUNDLE_IDENTIFIER = me.gurbanova.julia.MyToDosTests;
				PRODUCT_NAME = "$(TARGET_NAME)";
				SWIFT_EMIT_LOC_STRINGS = NO;
				SWIFT_VERSION = 5.0;
				TARGETED_DEVICE_FAMILY = "1,2";
				TEST_HOST = "$(BUILT_PRODUCTS_DIR)/MyToDos.app/$(BUNDLE_EXECUTABLE_FOLDER_PATH)/MyToDos";
			};
			name = Release;
		};
		C1B1D79E2BADE0B800249BC6 /* Debug */ = {
			isa = XCBuildConfiguration;
			buildSettings = {
				CODE_SIGN_STYLE = Automatic;
				CURRENT_PROJECT_VERSION = 1;
				DEVELOPMENT_TEAM = M6RSUA6A9T;
				GENERATE_INFOPLIST_FILE = YES;
				IPHONEOS_DEPLOYMENT_TARGET = 17.0;
				MARKETING_VERSION = 1.0;
				PRODUCT_BUNDLE_IDENTIFIER = me.gurbanova.julia.MyToDosUITests;
				PRODUCT_NAME = "$(TARGET_NAME)";
				SWIFT_EMIT_LOC_STRINGS = NO;
				SWIFT_VERSION = 5.0;
				TARGETED_DEVICE_FAMILY = "1,2";
				TEST_TARGET_NAME = MyToDos;
			};
			name = Debug;
		};
		C1B1D79F2BADE0B800249BC6 /* Release */ = {
			isa = XCBuildConfiguration;
			buildSettings = {
				CODE_SIGN_STYLE = Automatic;
				CURRENT_PROJECT_VERSION = 1;
				DEVELOPMENT_TEAM = M6RSUA6A9T;
				GENERATE_INFOPLIST_FILE = YES;
				IPHONEOS_DEPLOYMENT_TARGET = 17.0;
				MARKETING_VERSION = 1.0;
				PRODUCT_BUNDLE_IDENTIFIER = me.gurbanova.julia.MyToDosUITests;
				PRODUCT_NAME = "$(TARGET_NAME)";
				SWIFT_EMIT_LOC_STRINGS = NO;
				SWIFT_VERSION = 5.0;
				TARGETED_DEVICE_FAMILY = "1,2";
				TEST_TARGET_NAME = MyToDos;
			};
			name = Release;
		};
/* End XCBuildConfiguration section */

/* Begin XCConfigurationList section */
		C1498AE32B9719AE00C8EABB /* Build configuration list for PBXProject "MyToDos" */ = {
			isa = XCConfigurationList;
			buildConfigurations = (
				C1498B132B9719AF00C8EABB /* Debug */,
				C1498B142B9719AF00C8EABB /* Release */,
			);
			defaultConfigurationIsVisible = 0;
			defaultConfigurationName = Release;
		};
		C1498B152B9719AF00C8EABB /* Build configuration list for PBXNativeTarget "MyToDos" */ = {
			isa = XCConfigurationList;
			buildConfigurations = (
				C1498B162B9719AF00C8EABB /* Debug */,
				C1498B172B9719AF00C8EABB /* Release */,
			);
			defaultConfigurationIsVisible = 0;
			defaultConfigurationName = Release;
		};
		C1B1D78E2BADE08800249BC6 /* Build configuration list for PBXNativeTarget "MyToDosTests" */ = {
			isa = XCConfigurationList;
			buildConfigurations = (
				C1B1D78F2BADE08800249BC6 /* Debug */,
				C1B1D7902BADE08800249BC6 /* Release */,
			);
			defaultConfigurationIsVisible = 0;
			defaultConfigurationName = Release;
		};
		C1B1D79D2BADE0B800249BC6 /* Build configuration list for PBXNativeTarget "MyToDosUITests" */ = {
			isa = XCConfigurationList;
			buildConfigurations = (
				C1B1D79E2BADE0B800249BC6 /* Debug */,
				C1B1D79F2BADE0B800249BC6 /* Release */,
			);
			defaultConfigurationIsVisible = 0;
			defaultConfigurationName = Release;
		};
/* End XCConfigurationList section */

/* Begin XCVersionGroup section */
		C1498B1E2B971A9C00C8EABB /* ToDoList.xcdatamodeld */ = {
			isa = XCVersionGroup;
			children = (
				C1498B1F2B971A9C00C8EABB /* ToDoList.xcdatamodel */,
			);
			currentVersion = C1498B1F2B971A9C00C8EABB /* ToDoList.xcdatamodel */;
			path = ToDoList.xcdatamodeld;
			sourceTree = "<group>";
			versionGroupType = wrapper.xcdatamodel;
		};
/* End XCVersionGroup section */
	};
	rootObject = C1498AE02B9719AE00C8EABB /* Project object */;
}
